// !$*UTF8*$!
{
	archiveVersion = 1;
	classes = {
	};
	objectVersion = 56;
	objects = {

/* Begin PBXBuildFile section */
		B465880D2ADACC8200C03BDB /* AppDelegate.swift in Sources */ = {isa = PBXBuildFile; fileRef = B465880C2ADACC8200C03BDB /* AppDelegate.swift */; };
		B465880F2ADACC8200C03BDB /* SceneDelegate.swift in Sources */ = {isa = PBXBuildFile; fileRef = B465880E2ADACC8200C03BDB /* SceneDelegate.swift */; };
		B46588112ADACC8200C03BDB /* ViewController.swift in Sources */ = {isa = PBXBuildFile; fileRef = B46588102ADACC8200C03BDB /* ViewController.swift */; };
		B46588142ADACC8200C03BDB /* Main.storyboard in Resources */ = {isa = PBXBuildFile; fileRef = B46588122ADACC8200C03BDB /* Main.storyboard */; };
		B46588162ADACC8300C03BDB /* Assets.xcassets in Resources */ = {isa = PBXBuildFile; fileRef = B46588152ADACC8300C03BDB /* Assets.xcassets */; };
		B46588192ADACC8300C03BDB /* LaunchScreen.storyboard in Resources */ = {isa = PBXBuildFile; fileRef = B46588172ADACC8300C03BDB /* LaunchScreen.storyboard */; };
		B46588242ADACC8300C03BDB /* SomethingTests.swift in Sources */ = {isa = PBXBuildFile; fileRef = B46588232ADACC8300C03BDB /* SomethingTests.swift */; };
		B465882E2ADACC8300C03BDB /* SomethingUITests.swift in Sources */ = {isa = PBXBuildFile; fileRef = B465882D2ADACC8300C03BDB /* SomethingUITests.swift */; };
		B46588302ADACC8300C03BDB /* SomethingUITestsLaunchTests.swift in Sources */ = {isa = PBXBuildFile; fileRef = B465882F2ADACC8300C03BDB /* SomethingUITestsLaunchTests.swift */; };
		B4B86B562ADC301500AB5D77 /* PageToRead.storyboard in Resources */ = {isa = PBXBuildFile; fileRef = B4B86B552ADC301500AB5D77 /* PageToRead.storyboard */; };
		B4B86B582ADC302B00AB5D77 /* PageToWrite.storyboard in Resources */ = {isa = PBXBuildFile; fileRef = B4B86B572ADC302B00AB5D77 /* PageToWrite.storyboard */; };
/* End PBXBuildFile section */

/* Begin PBXContainerItemProxy section */
		B46588202ADACC8300C03BDB /* PBXContainerItemProxy */ = {
			isa = PBXContainerItemProxy;
			containerPortal = B46588012ADACC8200C03BDB /* Project object */;
			proxyType = 1;
			remoteGlobalIDString = B46588082ADACC8200C03BDB;
			remoteInfo = Something;
		};
		B465882A2ADACC8300C03BDB /* PBXContainerItemProxy */ = {
			isa = PBXContainerItemProxy;
			containerPortal = B46588012ADACC8200C03BDB /* Project object */;
			proxyType = 1;
			remoteGlobalIDString = B46588082ADACC8200C03BDB;
			remoteInfo = Something;
		};
/* End PBXContainerItemProxy section */

/* Begin PBXFileReference section */
		B46588092ADACC8200C03BDB /* Something.app */ = {isa = PBXFileReference; explicitFileType = wrapper.application; includeInIndex = 0; path = Something.app; sourceTree = BUILT_PRODUCTS_DIR; };
		B465880C2ADACC8200C03BDB /* AppDelegate.swift */ = {isa = PBXFileReference; lastKnownFileType = sourcecode.swift; path = AppDelegate.swift; sourceTree = "<group>"; };
		B465880E2ADACC8200C03BDB /* SceneDelegate.swift */ = {isa = PBXFileReference; lastKnownFileType = sourcecode.swift; path = SceneDelegate.swift; sourceTree = "<group>"; };
		B46588102ADACC8200C03BDB /* ViewController.swift */ = {isa = PBXFileReference; lastKnownFileType = sourcecode.swift; path = ViewController.swift; sourceTree = "<group>"; };
		B46588132ADACC8200C03BDB /* Base */ = {isa = PBXFileReference; lastKnownFileType = file.storyboard; name = Base; path = Base.lproj/Main.storyboard; sourceTree = "<group>"; };
		B46588152ADACC8300C03BDB /* Assets.xcassets */ = {isa = PBXFileReference; lastKnownFileType = folder.assetcatalog; path = Assets.xcassets; sourceTree = "<group>"; };
		B46588182ADACC8300C03BDB /* Base */ = {isa = PBXFileReference; lastKnownFileType = file.storyboard; name = Base; path = Base.lproj/LaunchScreen.storyboard; sourceTree = "<group>"; };
		B465881A2ADACC8300C03BDB /* Info.plist */ = {isa = PBXFileReference; lastKnownFileType = text.plist.xml; path = Info.plist; sourceTree = "<group>"; };
		B465881F2ADACC8300C03BDB /* SomethingTests.xctest */ = {isa = PBXFileReference; explicitFileType = wrapper.cfbundle; includeInIndex = 0; path = SomethingTests.xctest; sourceTree = BUILT_PRODUCTS_DIR; };
		B46588232ADACC8300C03BDB /* SomethingTests.swift */ = {isa = PBXFileReference; lastKnownFileType = sourcecode.swift; path = SomethingTests.swift; sourceTree = "<group>"; };
		B46588292ADACC8300C03BDB /* SomethingUITests.xctest */ = {isa = PBXFileReference; explicitFileType = wrapper.cfbundle; includeInIndex = 0; path = SomethingUITests.xctest; sourceTree = BUILT_PRODUCTS_DIR; };
		B465882D2ADACC8300C03BDB /* SomethingUITests.swift */ = {isa = PBXFileReference; lastKnownFileType = sourcecode.swift; path = SomethingUITests.swift; sourceTree = "<group>"; };
		B465882F2ADACC8300C03BDB /* SomethingUITestsLaunchTests.swift */ = {isa = PBXFileReference; lastKnownFileType = sourcecode.swift; path = SomethingUITestsLaunchTests.swift; sourceTree = "<group>"; };
		B4B86B552ADC301500AB5D77 /* PageToRead.storyboard */ = {isa = PBXFileReference; lastKnownFileType = file.storyboard; path = PageToRead.storyboard; sourceTree = "<group>"; };
		B4B86B572ADC302B00AB5D77 /* PageToWrite.storyboard */ = {isa = PBXFileReference; lastKnownFileType = file.storyboard; path = PageToWrite.storyboard; sourceTree = "<group>"; };
/* End PBXFileReference section */

/* Begin PBXFrameworksBuildPhase section */
		B46588062ADACC8200C03BDB /* Frameworks */ = {
			isa = PBXFrameworksBuildPhase;
			buildActionMask = 2147483647;
			files = (
			);
			runOnlyForDeploymentPostprocessing = 0;
		};
		B465881C2ADACC8300C03BDB /* Frameworks */ = {
			isa = PBXFrameworksBuildPhase;
			buildActionMask = 2147483647;
			files = (
			);
			runOnlyForDeploymentPostprocessing = 0;
		};
		B46588262ADACC8300C03BDB /* Frameworks */ = {
			isa = PBXFrameworksBuildPhase;
			buildActionMask = 2147483647;
			files = (
			);
			runOnlyForDeploymentPostprocessing = 0;
		};
/* End PBXFrameworksBuildPhase section */

/* Begin PBXGroup section */
		B46588002ADACC8200C03BDB = {
			isa = PBXGroup;
			children = (
				B465880B2ADACC8200C03BDB /* Something */,
				B46588222ADACC8300C03BDB /* SomethingTests */,
				B465882C2ADACC8300C03BDB /* SomethingUITests */,
				B465880A2ADACC8200C03BDB /* Products */,
			);
			sourceTree = "<group>";
		};
		B465880A2ADACC8200C03BDB /* Products */ = {
			isa = PBXGroup;
			children = (
				B46588092ADACC8200C03BDB /* Something.app */,
				B465881F2ADACC8300C03BDB /* SomethingTests.xctest */,
				B46588292ADACC8300C03BDB /* SomethingUITests.xctest */,
			);
			name = Products;
			sourceTree = "<group>";
		};
		B465880B2ADACC8200C03BDB /* Something */ = {
			isa = PBXGroup;
			children = (
				B465880C2ADACC8200C03BDB /* AppDelegate.swift */,
				B465880E2ADACC8200C03BDB /* SceneDelegate.swift */,
				B46588102ADACC8200C03BDB /* ViewController.swift */,
				B46588122ADACC8200C03BDB /* Main.storyboard */,
				B46588152ADACC8300C03BDB /* Assets.xcassets */,
				B46588172ADACC8300C03BDB /* LaunchScreen.storyboard */,
				B465881A2ADACC8300C03BDB /* Info.plist */,
				B4B86B552ADC301500AB5D77 /* PageToRead.storyboard */,
				B4B86B572ADC302B00AB5D77 /* PageToWrite.storyboard */,
			);
			path = Something;
			sourceTree = "<group>";
		};
		B46588222ADACC8300C03BDB /* SomethingTests */ = {
			isa = PBXGroup;
			children = (
				B46588232ADACC8300C03BDB /* SomethingTests.swift */,
			);
			path = SomethingTests;
			sourceTree = "<group>";
		};
		B465882C2ADACC8300C03BDB /* SomethingUITests */ = {
			isa = PBXGroup;
			children = (
				B465882D2ADACC8300C03BDB /* SomethingUITests.swift */,
				B465882F2ADACC8300C03BDB /* SomethingUITestsLaunchTests.swift */,
			);
			path = SomethingUITests;
			sourceTree = "<group>";
		};
/* End PBXGroup section */

/* Begin PBXNativeTarget section */
		B46588082ADACC8200C03BDB /* Something */ = {
			isa = PBXNativeTarget;
			buildConfigurationList = B46588332ADACC8300C03BDB /* Build configuration list for PBXNativeTarget "Something" */;
			buildPhases = (
				B46588052ADACC8200C03BDB /* Sources */,
				B46588062ADACC8200C03BDB /* Frameworks */,
				B46588072ADACC8200C03BDB /* Resources */,
			);
			buildRules = (
			);
			dependencies = (
			);
			name = Something;
			productName = Something;
			productReference = B46588092ADACC8200C03BDB /* Something.app */;
			productType = "com.apple.product-type.application";
		};
		B465881E2ADACC8300C03BDB /* SomethingTests */ = {
			isa = PBXNativeTarget;
			buildConfigurationList = B46588362ADACC8300C03BDB /* Build configuration list for PBXNativeTarget "SomethingTests" */;
			buildPhases = (
				B465881B2ADACC8300C03BDB /* Sources */,
				B465881C2ADACC8300C03BDB /* Frameworks */,
				B465881D2ADACC8300C03BDB /* Resources */,
			);
			buildRules = (
			);
			dependencies = (
				B46588212ADACC8300C03BDB /* PBXTargetDependency */,
			);
			name = SomethingTests;
			productName = SomethingTests;
			productReference = B465881F2ADACC8300C03BDB /* SomethingTests.xctest */;
			productType = "com.apple.product-type.bundle.unit-test";
		};
		B46588282ADACC8300C03BDB /* SomethingUITests */ = {
			isa = PBXNativeTarget;
			buildConfigurationList = B46588392ADACC8300C03BDB /* Build configuration list for PBXNativeTarget "SomethingUITests" */;
			buildPhases = (
				B46588252ADACC8300C03BDB /* Sources */,
				B46588262ADACC8300C03BDB /* Frameworks */,
				B46588272ADACC8300C03BDB /* Resources */,
			);
			buildRules = (
			);
			dependencies = (
				B465882B2ADACC8300C03BDB /* PBXTargetDependency */,
			);
			name = SomethingUITests;
			productName = SomethingUITests;
			productReference = B46588292ADACC8300C03BDB /* SomethingUITests.xctest */;
			productType = "com.apple.product-type.bundle.ui-testing";
		};
/* End PBXNativeTarget section */

/* Begin PBXProject section */
		B46588012ADACC8200C03BDB /* Project object */ = {
			isa = PBXProject;
			attributes = {
				BuildIndependentTargetsInParallel = 1;
				LastSwiftUpdateCheck = 1500;
				LastUpgradeCheck = 1500;
				TargetAttributes = {
					B46588082ADACC8200C03BDB = {
						CreatedOnToolsVersion = 15.0;
					};
					B465881E2ADACC8300C03BDB = {
						CreatedOnToolsVersion = 15.0;
						TestTargetID = B46588082ADACC8200C03BDB;
					};
					B46588282ADACC8300C03BDB = {
						CreatedOnToolsVersion = 15.0;
						TestTargetID = B46588082ADACC8200C03BDB;
					};
				};
			};
			buildConfigurationList = B46588042ADACC8200C03BDB /* Build configuration list for PBXProject "Something" */;
			compatibilityVersion = "Xcode 14.0";
			developmentRegion = en;
			hasScannedForEncodings = 0;
			knownRegions = (
				en,
				Base,
			);
			mainGroup = B46588002ADACC8200C03BDB;
			productRefGroup = B465880A2ADACC8200C03BDB /* Products */;
			projectDirPath = "";
			projectRoot = "";
			targets = (
				B46588082ADACC8200C03BDB /* Something */,
				B465881E2ADACC8300C03BDB /* SomethingTests */,
				B46588282ADACC8300C03BDB /* SomethingUITests */,
			);
		};
/* End PBXProject section */

/* Begin PBXResourcesBuildPhase section */
		B46588072ADACC8200C03BDB /* Resources */ = {
			isa = PBXResourcesBuildPhase;
			buildActionMask = 2147483647;
			files = (
				B4B86B562ADC301500AB5D77 /* PageToRead.storyboard in Resources */,
				B46588192ADACC8300C03BDB /* LaunchScreen.storyboard in Resources */,
				B46588162ADACC8300C03BDB /* Assets.xcassets in Resources */,
				B4B86B582ADC302B00AB5D77 /* PageToWrite.storyboard in Resources */,
				B46588142ADACC8200C03BDB /* Main.storyboard in Resources */,
			);
			runOnlyForDeploymentPostprocessing = 0;
		};
		B465881D2ADACC8300C03BDB /* Resources */ = {
			isa = PBXResourcesBuildPhase;
			buildActionMask = 2147483647;
			files = (
			);
			runOnlyForDeploymentPostprocessing = 0;
		};
		B46588272ADACC8300C03BDB /* Resources */ = {
			isa = PBXResourcesBuildPhase;
			buildActionMask = 2147483647;
			files = (
			);
			runOnlyForDeploymentPostprocessing = 0;
		};
/* End PBXResourcesBuildPhase section */

/* Begin PBXSourcesBuildPhase section */
		B46588052ADACC8200C03BDB /* Sources */ = {
			isa = PBXSourcesBuildPhase;
			buildActionMask = 2147483647;
			files = (
				B46588112ADACC8200C03BDB /* ViewController.swift in Sources */,
				B465880D2ADACC8200C03BDB /* AppDelegate.swift in Sources */,
				B465880F2ADACC8200C03BDB /* SceneDelegate.swift in Sources */,
			);
			runOnlyForDeploymentPostprocessing = 0;
		};
		B465881B2ADACC8300C03BDB /* Sources */ = {
			isa = PBXSourcesBuildPhase;
			buildActionMask = 2147483647;
			files = (
				B46588242ADACC8300C03BDB /* SomethingTests.swift in Sources */,
			);
			runOnlyForDeploymentPostprocessing = 0;
		};
		B46588252ADACC8300C03BDB /* Sources */ = {
			isa = PBXSourcesBuildPhase;
			buildActionMask = 2147483647;
			files = (
				B465882E2ADACC8300C03BDB /* SomethingUITests.swift in Sources */,
				B46588302ADACC8300C03BDB /* SomethingUITestsLaunchTests.swift in Sources */,
			);
			runOnlyForDeploymentPostprocessing = 0;
		};
/* End PBXSourcesBuildPhase section */

/* Begin PBXTargetDependency section */
		B46588212ADACC8300C03BDB /* PBXTargetDependency */ = {
			isa = PBXTargetDependency;
			target = B46588082ADACC8200C03BDB /* Something */;
			targetProxy = B46588202ADACC8300C03BDB /* PBXContainerItemProxy */;
		};
		B465882B2ADACC8300C03BDB /* PBXTargetDependency */ = {
			isa = PBXTargetDependency;
			target = B46588082ADACC8200C03BDB /* Something */;
			targetProxy = B465882A2ADACC8300C03BDB /* PBXContainerItemProxy */;
		};
/* End PBXTargetDependency section */

/* Begin PBXVariantGroup section */
		B46588122ADACC8200C03BDB /* Main.storyboard */ = {
			isa = PBXVariantGroup;
			children = (
				B46588132ADACC8200C03BDB /* Base */,
			);
			name = Main.storyboard;
			sourceTree = "<group>";
		};
		B46588172ADACC8300C03BDB /* LaunchScreen.storyboard */ = {
			isa = PBXVariantGroup;
			children = (
				B46588182ADACC8300C03BDB /* Base */,
			);
			name = LaunchScreen.storyboard;
			sourceTree = "<group>";
		};
/* End PBXVariantGroup section */

/* Begin XCBuildConfiguration section */
		B46588312ADACC8300C03BDB /* Debug */ = {
			isa = XCBuildConfiguration;
			buildSettings = {
				ALWAYS_SEARCH_USER_PATHS = NO;
				ASSETCATALOG_COMPILER_GENERATE_SWIFT_ASSET_SYMBOL_EXTENSIONS = YES;
				CLANG_ANALYZER_NONNULL = YES;
				CLANG_ANALYZER_NUMBER_OBJECT_CONVERSION = YES_AGGRESSIVE;
				CLANG_CXX_LANGUAGE_STANDARD = "gnu++20";
				CLANG_ENABLE_MODULES = YES;
				CLANG_ENABLE_OBJC_ARC = YES;
				CLANG_ENABLE_OBJC_WEAK = YES;
				CLANG_WARN_BLOCK_CAPTURE_AUTORELEASING = YES;
				CLANG_WARN_BOOL_CONVERSION = YES;
				CLANG_WARN_COMMA = YES;
				CLANG_WARN_CONSTANT_CONVERSION = YES;
				CLANG_WARN_DEPRECATED_OBJC_IMPLEMENTATIONS = YES;
				CLANG_WARN_DIRECT_OBJC_ISA_USAGE = YES_ERROR;
				CLANG_WARN_DOCUMENTATION_COMMENTS = YES;
				CLANG_WARN_EMPTY_BODY = YES;
				CLANG_WARN_ENUM_CONVERSION = YES;
				CLANG_WARN_INFINITE_RECURSION = YES;
				CLANG_WARN_INT_CONVERSION = YES;
				CLANG_WARN_NON_LITERAL_NULL_CONVERSION = YES;
				CLANG_WARN_OBJC_IMPLICIT_RETAIN_SELF = YES;
				CLANG_WARN_OBJC_LITERAL_CONVERSION = YES;
				CLANG_WARN_OBJC_ROOT_CLASS = YES_ERROR;
				CLANG_WARN_QUOTED_INCLUDE_IN_FRAMEWORK_HEADER = YES;
				CLANG_WARN_RANGE_LOOP_ANALYSIS = YES;
				CLANG_WARN_STRICT_PROTOTYPES = YES;
				CLANG_WARN_SUSPICIOUS_MOVE = YES;
				CLANG_WARN_UNGUARDED_AVAILABILITY = YES_AGGRESSIVE;
				CLANG_WARN_UNREACHABLE_CODE = YES;
				CLANG_WARN__DUPLICATE_METHOD_MATCH = YES;
				COPY_PHASE_STRIP = NO;
				DEBUG_INFORMATION_FORMAT = dwarf;
				ENABLE_STRICT_OBJC_MSGSEND = YES;
				ENABLE_TESTABILITY = YES;
				ENABLE_USER_SCRIPT_SANDBOXING = YES;
				GCC_C_LANGUAGE_STANDARD = gnu17;
				GCC_DYNAMIC_NO_PIC = NO;
				GCC_NO_COMMON_BLOCKS = YES;
				GCC_OPTIMIZATION_LEVEL = 0;
				GCC_PREPROCESSOR_DEFINITIONS = (
					"DEBUG=1",
					"$(inherited)",
				);
				GCC_WARN_64_TO_32_BIT_CONVERSION = YES;
				GCC_WARN_ABOUT_RETURN_TYPE = YES_ERROR;
				GCC_WARN_UNDECLARED_SELECTOR = YES;
				GCC_WARN_UNINITIALIZED_AUTOS = YES_AGGRESSIVE;
				GCC_WARN_UNUSED_FUNCTION = YES;
				GCC_WARN_UNUSED_VARIABLE = YES;
				IPHONEOS_DEPLOYMENT_TARGET = 17.0;
				LOCALIZATION_PREFERS_STRING_CATALOGS = YES;
				MTL_ENABLE_DEBUG_INFO = INCLUDE_SOURCE;
				MTL_FAST_MATH = YES;
				ONLY_ACTIVE_ARCH = YES;
				SDKROOT = iphoneos;
				SWIFT_ACTIVE_COMPILATION_CONDITIONS = "DEBUG $(inherited)";
				SWIFT_OPTIMIZATION_LEVEL = "-Onone";
			};
			name = Debug;
		};
		B46588322ADACC8300C03BDB /* Release */ = {
			isa = XCBuildConfiguration;
			buildSettings = {
				ALWAYS_SEARCH_USER_PATHS = NO;
				ASSETCATALOG_COMPILER_GENERATE_SWIFT_ASSET_SYMBOL_EXTENSIONS = YES;
				CLANG_ANALYZER_NONNULL = YES;
				CLANG_ANALYZER_NUMBER_OBJECT_CONVERSION = YES_AGGRESSIVE;
				CLANG_CXX_LANGUAGE_STANDARD = "gnu++20";
				CLANG_ENABLE_MODULES = YES;
				CLANG_ENABLE_OBJC_ARC = YES;
				CLANG_ENABLE_OBJC_WEAK = YES;
				CLANG_WARN_BLOCK_CAPTURE_AUTORELEASING = YES;
				CLANG_WARN_BOOL_CONVERSION = YES;
				CLANG_WARN_COMMA = YES;
				CLANG_WARN_CONSTANT_CONVERSION = YES;
				CLANG_WARN_DEPRECATED_OBJC_IMPLEMENTATIONS = YES;
				CLANG_WARN_DIRECT_OBJC_ISA_USAGE = YES_ERROR;
				CLANG_WARN_DOCUMENTATION_COMMENTS = YES;
				CLANG_WARN_EMPTY_BODY = YES;
				CLANG_WARN_ENUM_CONVERSION = YES;
				CLANG_WARN_INFINITE_RECURSION = YES;
				CLANG_WARN_INT_CONVERSION = YES;
				CLANG_WARN_NON_LITERAL_NULL_CONVERSION = YES;
				CLANG_WARN_OBJC_IMPLICIT_RETAIN_SELF = YES;
				CLANG_WARN_OBJC_LITERAL_CONVERSION = YES;
				CLANG_WARN_OBJC_ROOT_CLASS = YES_ERROR;
				CLANG_WARN_QUOTED_INCLUDE_IN_FRAMEWORK_HEADER = YES;
				CLANG_WARN_RANGE_LOOP_ANALYSIS = YES;
				CLANG_WARN_STRICT_PROTOTYPES = YES;
				CLANG_WARN_SUSPICIOUS_MOVE = YES;
				CLANG_WARN_UNGUARDED_AVAILABILITY = YES_AGGRESSIVE;
				CLANG_WARN_UNREACHABLE_CODE = YES;
				CLANG_WARN__DUPLICATE_METHOD_MATCH = YES;
				COPY_PHASE_STRIP = NO;
				DEBUG_INFORMATION_FORMAT = "dwarf-with-dsym";
				ENABLE_NS_ASSERTIONS = NO;
				ENABLE_STRICT_OBJC_MSGSEND = YES;
				ENABLE_USER_SCRIPT_SANDBOXING = YES;
				GCC_C_LANGUAGE_STANDARD = gnu17;
				GCC_NO_COMMON_BLOCKS = YES;
				GCC_WARN_64_TO_32_BIT_CONVERSION = YES;
				GCC_WARN_ABOUT_RETURN_TYPE = YES_ERROR;
				GCC_WARN_UNDECLARED_SELECTOR = YES;
				GCC_WARN_UNINITIALIZED_AUTOS = YES_AGGRESSIVE;
				GCC_WARN_UNUSED_FUNCTION = YES;
				GCC_WARN_UNUSED_VARIABLE = YES;
				IPHONEOS_DEPLOYMENT_TARGET = 17.0;
				LOCALIZATION_PREFERS_STRING_CATALOGS = YES;
				MTL_ENABLE_DEBUG_INFO = NO;
				MTL_FAST_MATH = YES;
				SDKROOT = iphoneos;
				SWIFT_COMPILATION_MODE = wholemodule;
				VALIDATE_PRODUCT = YES;
			};
			name = Release;
		};
		B46588342ADACC8300C03BDB /* Debug */ = {
			isa = XCBuildConfiguration;
			buildSettings = {
				ASSETCATALOG_COMPILER_APPICON_NAME = AppIcon;
				ASSETCATALOG_COMPILER_GLOBAL_ACCENT_COLOR_NAME = AccentColor;
				CODE_SIGN_STYLE = Automatic;
				CURRENT_PROJECT_VERSION = 1;
				DEVELOPMENT_TEAM = 7AR93R268X;
				GENERATE_INFOPLIST_FILE = YES;
				INFOPLIST_FILE = Something/Info.plist;
				INFOPLIST_KEY_UIApplicationSupportsIndirectInputEvents = YES;
				INFOPLIST_KEY_UILaunchStoryboardName = LaunchScreen;
				INFOPLIST_KEY_UIMainStoryboardFile = Main;
				INFOPLIST_KEY_UISupportedInterfaceOrientations_iPad = "UIInterfaceOrientationPortrait UIInterfaceOrientationPortraitUpsideDown UIInterfaceOrientationLandscapeLeft UIInterfaceOrientationLandscapeRight";
				INFOPLIST_KEY_UISupportedInterfaceOrientations_iPhone = "UIInterfaceOrientationPortrait UIInterfaceOrientationLandscapeLeft UIInterfaceOrientationLandscapeRight";
				LD_RUNPATH_SEARCH_PATHS = (
					"$(inherited)",
					"@executable_path/Frameworks",
				);
				MARKETING_VERSION = 1.0;
				PRODUCT_BUNDLE_IDENTIFIER = BRPM.Something;
				PRODUCT_NAME = "$(TARGET_NAME)";
				SWIFT_EMIT_LOC_STRINGS = YES;
				SWIFT_VERSION = 5.0;
				TARGETED_DEVICE_FAMILY = "1,2";
			};
			name = Debug;
		};
		B46588352ADACC8300C03BDB /* Release */ = {
			isa = XCBuildConfiguration;
			buildSettings = {
				ASSETCATALOG_COMPILER_APPICON_NAME = AppIcon;
				ASSETCATALOG_COMPILER_GLOBAL_ACCENT_COLOR_NAME = AccentColor;
				CODE_SIGN_STYLE = Automatic;
				CURRENT_PROJECT_VERSION = 1;
				DEVELOPMENT_TEAM = 7AR93R268X;
				GENERATE_INFOPLIST_FILE = YES;
				INFOPLIST_FILE = Something/Info.plist;
				INFOPLIST_KEY_UIApplicationSupportsIndirectInputEvents = YES;
				INFOPLIST_KEY_UILaunchStoryboardName = LaunchScreen;
				INFOPLIST_KEY_UIMainStoryboardFile = Main;
				INFOPLIST_KEY_UISupportedInterfaceOrientations_iPad = "UIInterfaceOrientationPortrait UIInterfaceOrientationPortraitUpsideDown UIInterfaceOrientationLandscapeLeft UIInterfaceOrientationLandscapeRight";
				INFOPLIST_KEY_UISupportedInterfaceOrientations_iPhone = "UIInterfaceOrientationPortrait UIInterfaceOrientationLandscapeLeft UIInterfaceOrientationLandscapeRight";
				LD_RUNPATH_SEARCH_PATHS = (
					"$(inherited)",
					"@executable_path/Frameworks",
				);
				MARKETING_VERSION = 1.0;
				PRODUCT_BUNDLE_IDENTIFIER = BRPM.Something;
				PRODUCT_NAME = "$(TARGET_NAME)";
				SWIFT_EMIT_LOC_STRINGS = YES;
				SWIFT_VERSION = 5.0;
				TARGETED_DEVICE_FAMILY = "1,2";
			};
			name = Release;
		};
		B46588372ADACC8300C03BDB /* Debug */ = {
			isa = XCBuildConfiguration;
			buildSettings = {
				ALWAYS_EMBED_SWIFT_STANDARD_LIBRARIES = YES;
				BUNDLE_LOADER = "$(TEST_HOST)";
				CODE_SIGN_STYLE = Automatic;
				CURRENT_PROJECT_VERSION = 1;
				DEVELOPMENT_TEAM = 7AR93R268X;
				GENERATE_INFOPLIST_FILE = YES;
				IPHONEOS_DEPLOYMENT_TARGET = 17.0;
				MARKETING_VERSION = 1.0;
				PRODUCT_BUNDLE_IDENTIFIER = BRPM.SomethingTests;
				PRODUCT_NAME = "$(TARGET_NAME)";
				SWIFT_EMIT_LOC_STRINGS = NO;
				SWIFT_VERSION = 5.0;
				TARGETED_DEVICE_FAMILY = "1,2";
				TEST_HOST = "$(BUILT_PRODUCTS_DIR)/Something.app/$(BUNDLE_EXECUTABLE_FOLDER_PATH)/Something";
			};
			name = Debug;
		};
		B46588382ADACC8300C03BDB /* Release */ = {
			isa = XCBuildConfiguration;
			buildSettings = {
				ALWAYS_EMBED_SWIFT_STANDARD_LIBRARIES = YES;
				BUNDLE_LOADER = "$(TEST_HOST)";
				CODE_SIGN_STYLE = Automatic;
				CURRENT_PROJECT_VERSION = 1;
				DEVELOPMENT_TEAM = 7AR93R268X;
				GENERATE_INFOPLIST_FILE = YES;
				IPHONEOS_DEPLOYMENT_TARGET = 17.0;
				MARKETING_VERSION = 1.0;
				PRODUCT_BUNDLE_IDENTIFIER = BRPM.SomethingTests;
				PRODUCT_NAME = "$(TARGET_NAME)";
				SWIFT_EMIT_LOC_STRINGS = NO;
				SWIFT_VERSION = 5.0;
				TARGETED_DEVICE_FAMILY = "1,2";
				TEST_HOST = "$(BUILT_PRODUCTS_DIR)/Something.app/$(BUNDLE_EXECUTABLE_FOLDER_PATH)/Something";
			};
			name = Release;
		};
		B465883A2ADACC8300C03BDB /* Debug */ = {
			isa = XCBuildConfiguration;
			buildSettings = {
				ALWAYS_EMBED_SWIFT_STANDARD_LIBRARIES = YES;
				CODE_SIGN_STYLE = Automatic;
				CURRENT_PROJECT_VERSION = 1;
				DEVELOPMENT_TEAM = 7AR93R268X;
				GENERATE_INFOPLIST_FILE = YES;
				MARKETING_VERSION = 1.0;
				PRODUCT_BUNDLE_IDENTIFIER = BRPM.SomethingUITests;
				PRODUCT_NAME = "$(TARGET_NAME)";
				SWIFT_EMIT_LOC_STRINGS = NO;
				SWIFT_VERSION = 5.0;
				TARGETED_DEVICE_FAMILY = "1,2";
				TEST_TARGET_NAME = Something;
			};
			name = Debug;
		};
		B465883B2ADACC8300C03BDB /* Release */ = {
			isa = XCBuildConfiguration;
			buildSettings = {
				ALWAYS_EMBED_SWIFT_STANDARD_LIBRARIES = YES;
				CODE_SIGN_STYLE = Automatic;
				CURRENT_PROJECT_VERSION = 1;
				DEVELOPMENT_TEAM = 7AR93R268X;
				GENERATE_INFOPLIST_FILE = YES;
				MARKETING_VERSION = 1.0;
				PRODUCT_BUNDLE_IDENTIFIER = BRPM.SomethingUITests;
				PRODUCT_NAME = "$(TARGET_NAME)";
				SWIFT_EMIT_LOC_STRINGS = NO;
				SWIFT_VERSION = 5.0;
				TARGETED_DEVICE_FAMILY = "1,2";
				TEST_TARGET_NAME = Something;
			};
			name = Release;
		};
/* End XCBuildConfiguration section */

/* Begin XCConfigurationList section */
		B46588042ADACC8200C03BDB /* Build configuration list for PBXProject "Something" */ = {
			isa = XCConfigurationList;
			buildConfigurations = (
				B46588312ADACC8300C03BDB /* Debug */,
				B46588322ADACC8300C03BDB /* Release */,
			);
			defaultConfigurationIsVisible = 0;
			defaultConfigurationName = Release;
		};
		B46588332ADACC8300C03BDB /* Build configuration list for PBXNativeTarget "Something" */ = {
			isa = XCConfigurationList;
			buildConfigurations = (
				B46588342ADACC8300C03BDB /* Debug */,
				B46588352ADACC8300C03BDB /* Release */,
			);
			defaultConfigurationIsVisible = 0;
			defaultConfigurationName = Release;
		};
		B46588362ADACC8300C03BDB /* Build configuration list for PBXNativeTarget "SomethingTests" */ = {
			isa = XCConfigurationList;
			buildConfigurations = (
				B46588372ADACC8300C03BDB /* Debug */,
				B46588382ADACC8300C03BDB /* Release */,
			);
			defaultConfigurationIsVisible = 0;
			defaultConfigurationName = Release;
		};
		B46588392ADACC8300C03BDB /* Build configuration list for PBXNativeTarget "SomethingUITests" */ = {
			isa = XCConfigurationList;
			buildConfigurations = (
				B465883A2ADACC8300C03BDB /* Debug */,
				B465883B2ADACC8300C03BDB /* Release */,
			);
			defaultConfigurationIsVisible = 0;
			defaultConfigurationName = Release;
		};
/* End XCConfigurationList section */
	};
	rootObject = B46588012ADACC8200C03BDB /* Project object */;
}
