// !$*UTF8*$!
{
	archiveVersion = 1;
	classes = {
	};
	objectVersion = 56;
	objects = {

/* Begin PBXBuildFile section */
		B43458232ADAC78C00FDB9F7 /* SomethingApp.swift in Sources */ = {isa = PBXBuildFile; fileRef = B43458222ADAC78C00FDB9F7 /* SomethingApp.swift */; };
		B43458252ADAC78C00FDB9F7 /* ContentView.swift in Sources */ = {isa = PBXBuildFile; fileRef = B43458242ADAC78C00FDB9F7 /* ContentView.swift */; };
		B43458272ADAC78C00FDB9F7 /* Item.swift in Sources */ = {isa = PBXBuildFile; fileRef = B43458262ADAC78C00FDB9F7 /* Item.swift */; };
		B43458292ADAC78F00FDB9F7 /* Assets.xcassets in Resources */ = {isa = PBXBuildFile; fileRef = B43458282ADAC78F00FDB9F7 /* Assets.xcassets */; };
		B434582D2ADAC78F00FDB9F7 /* Preview Assets.xcassets in Resources */ = {isa = PBXBuildFile; fileRef = B434582C2ADAC78F00FDB9F7 /* Preview Assets.xcassets */; };
		B43458372ADAC78F00FDB9F7 /* SomethingTests.swift in Sources */ = {isa = PBXBuildFile; fileRef = B43458362ADAC78F00FDB9F7 /* SomethingTests.swift */; };
		B43458412ADAC78F00FDB9F7 /* SomethingUITests.swift in Sources */ = {isa = PBXBuildFile; fileRef = B43458402ADAC78F00FDB9F7 /* SomethingUITests.swift */; };
		B43458432ADAC78F00FDB9F7 /* SomethingUITestsLaunchTests.swift in Sources */ = {isa = PBXBuildFile; fileRef = B43458422ADAC78F00FDB9F7 /* SomethingUITestsLaunchTests.swift */; };
/* End PBXBuildFile section */

/* Begin PBXContainerItemProxy section */
		B43458332ADAC78F00FDB9F7 /* PBXContainerItemProxy */ = {
			isa = PBXContainerItemProxy;
			containerPortal = B43458172ADAC78C00FDB9F7 /* Project object */;
			proxyType = 1;
			remoteGlobalIDString = B434581E2ADAC78C00FDB9F7;
			remoteInfo = Something;
		};
		B434583D2ADAC78F00FDB9F7 /* PBXContainerItemProxy */ = {
			isa = PBXContainerItemProxy;
			containerPortal = B43458172ADAC78C00FDB9F7 /* Project object */;
			proxyType = 1;
			remoteGlobalIDString = B434581E2ADAC78C00FDB9F7;
			remoteInfo = Something;
		};
/* End PBXContainerItemProxy section */

/* Begin PBXFileReference section */
		B434581F2ADAC78C00FDB9F7 /* Something.app */ = {isa = PBXFileReference; explicitFileType = wrapper.application; includeInIndex = 0; path = Something.app; sourceTree = BUILT_PRODUCTS_DIR; };
		B43458222ADAC78C00FDB9F7 /* SomethingApp.swift */ = {isa = PBXFileReference; lastKnownFileType = sourcecode.swift; path = SomethingApp.swift; sourceTree = "<group>"; };
		B43458242ADAC78C00FDB9F7 /* ContentView.swift */ = {isa = PBXFileReference; lastKnownFileType = sourcecode.swift; path = ContentView.swift; sourceTree = "<group>"; };
		B43458262ADAC78C00FDB9F7 /* Item.swift */ = {isa = PBXFileReference; lastKnownFileType = sourcecode.swift; path = Item.swift; sourceTree = "<group>"; };
		B43458282ADAC78F00FDB9F7 /* Assets.xcassets */ = {isa = PBXFileReference; lastKnownFileType = folder.assetcatalog; path = Assets.xcassets; sourceTree = "<group>"; };
		B434582A2ADAC78F00FDB9F7 /* Something.entitlements */ = {isa = PBXFileReference; lastKnownFileType = text.plist.entitlements; path = Something.entitlements; sourceTree = "<group>"; };
		B434582C2ADAC78F00FDB9F7 /* Preview Assets.xcassets */ = {isa = PBXFileReference; lastKnownFileType = folder.assetcatalog; path = "Preview Assets.xcassets"; sourceTree = "<group>"; };
		B43458322ADAC78F00FDB9F7 /* SomethingTests.xctest */ = {isa = PBXFileReference; explicitFileType = wrapper.cfbundle; includeInIndex = 0; path = SomethingTests.xctest; sourceTree = BUILT_PRODUCTS_DIR; };
		B43458362ADAC78F00FDB9F7 /* SomethingTests.swift */ = {isa = PBXFileReference; lastKnownFileType = sourcecode.swift; path = SomethingTests.swift; sourceTree = "<group>"; };
		B434583C2ADAC78F00FDB9F7 /* SomethingUITests.xctest */ = {isa = PBXFileReference; explicitFileType = wrapper.cfbundle; includeInIndex = 0; path = SomethingUITests.xctest; sourceTree = BUILT_PRODUCTS_DIR; };
		B43458402ADAC78F00FDB9F7 /* SomethingUITests.swift */ = {isa = PBXFileReference; lastKnownFileType = sourcecode.swift; path = SomethingUITests.swift; sourceTree = "<group>"; };
		B43458422ADAC78F00FDB9F7 /* SomethingUITestsLaunchTests.swift */ = {isa = PBXFileReference; lastKnownFileType = sourcecode.swift; path = SomethingUITestsLaunchTests.swift; sourceTree = "<group>"; };
/* End PBXFileReference section */

/* Begin PBXFrameworksBuildPhase section */
		B434581C2ADAC78C00FDB9F7 /* Frameworks */ = {
			isa = PBXFrameworksBuildPhase;
			buildActionMask = 2147483647;
			files = (
			);
			runOnlyForDeploymentPostprocessing = 0;
		};
		B434582F2ADAC78F00FDB9F7 /* Frameworks */ = {
			isa = PBXFrameworksBuildPhase;
			buildActionMask = 2147483647;
			files = (
			);
			runOnlyForDeploymentPostprocessing = 0;
		};
		B43458392ADAC78F00FDB9F7 /* Frameworks */ = {
			isa = PBXFrameworksBuildPhase;
			buildActionMask = 2147483647;
			files = (
			);
			runOnlyForDeploymentPostprocessing = 0;
		};
/* End PBXFrameworksBuildPhase section */

/* Begin PBXGroup section */
		B43458162ADAC78C00FDB9F7 = {
			isa = PBXGroup;
			children = (
				B43458212ADAC78C00FDB9F7 /* Something */,
				B43458352ADAC78F00FDB9F7 /* SomethingTests */,
				B434583F2ADAC78F00FDB9F7 /* SomethingUITests */,
				B43458202ADAC78C00FDB9F7 /* Products */,
			);
			sourceTree = "<group>";
		};
		B43458202ADAC78C00FDB9F7 /* Products */ = {
			isa = PBXGroup;
			children = (
				B434581F2ADAC78C00FDB9F7 /* Something.app */,
				B43458322ADAC78F00FDB9F7 /* SomethingTests.xctest */,
				B434583C2ADAC78F00FDB9F7 /* SomethingUITests.xctest */,
			);
			name = Products;
			sourceTree = "<group>";
		};
		B43458212ADAC78C00FDB9F7 /* Something */ = {
			isa = PBXGroup;
			children = (
				B43458222ADAC78C00FDB9F7 /* SomethingApp.swift */,
				B43458242ADAC78C00FDB9F7 /* ContentView.swift */,
				B43458262ADAC78C00FDB9F7 /* Item.swift */,
				B43458282ADAC78F00FDB9F7 /* Assets.xcassets */,
				B434582A2ADAC78F00FDB9F7 /* Something.entitlements */,
				B434582B2ADAC78F00FDB9F7 /* Preview Content */,
			);
			path = Something;
			sourceTree = "<group>";
		};
		B434582B2ADAC78F00FDB9F7 /* Preview Content */ = {
			isa = PBXGroup;
			children = (
				B434582C2ADAC78F00FDB9F7 /* Preview Assets.xcassets */,
			);
			path = "Preview Content";
			sourceTree = "<group>";
		};
		B43458352ADAC78F00FDB9F7 /* SomethingTests */ = {
			isa = PBXGroup;
			children = (
				B43458362ADAC78F00FDB9F7 /* SomethingTests.swift */,
			);
			path = SomethingTests;
			sourceTree = "<group>";
		};
		B434583F2ADAC78F00FDB9F7 /* SomethingUITests */ = {
			isa = PBXGroup;
			children = (
				B43458402ADAC78F00FDB9F7 /* SomethingUITests.swift */,
				B43458422ADAC78F00FDB9F7 /* SomethingUITestsLaunchTests.swift */,
			);
			path = SomethingUITests;
			sourceTree = "<group>";
		};
/* End PBXGroup section */

/* Begin PBXNativeTarget section */
		B434581E2ADAC78C00FDB9F7 /* Something */ = {
			isa = PBXNativeTarget;
			buildConfigurationList = B43458462ADAC78F00FDB9F7 /* Build configuration list for PBXNativeTarget "Something" */;
			buildPhases = (
				B434581B2ADAC78C00FDB9F7 /* Sources */,
				B434581C2ADAC78C00FDB9F7 /* Frameworks */,
				B434581D2ADAC78C00FDB9F7 /* Resources */,
			);
			buildRules = (
			);
			dependencies = (
			);
			name = Something;
			productName = Something;
			productReference = B434581F2ADAC78C00FDB9F7 /* Something.app */;
			productType = "com.apple.product-type.application";
		};
		B43458312ADAC78F00FDB9F7 /* SomethingTests */ = {
			isa = PBXNativeTarget;
			buildConfigurationList = B43458492ADAC78F00FDB9F7 /* Build configuration list for PBXNativeTarget "SomethingTests" */;
			buildPhases = (
				B434582E2ADAC78F00FDB9F7 /* Sources */,
				B434582F2ADAC78F00FDB9F7 /* Frameworks */,
				B43458302ADAC78F00FDB9F7 /* Resources */,
			);
			buildRules = (
			);
			dependencies = (
				B43458342ADAC78F00FDB9F7 /* PBXTargetDependency */,
			);
			name = SomethingTests;
			productName = SomethingTests;
			productReference = B43458322ADAC78F00FDB9F7 /* SomethingTests.xctest */;
			productType = "com.apple.product-type.bundle.unit-test";
		};
		B434583B2ADAC78F00FDB9F7 /* SomethingUITests */ = {
			isa = PBXNativeTarget;
			buildConfigurationList = B434584C2ADAC78F00FDB9F7 /* Build configuration list for PBXNativeTarget "SomethingUITests" */;
			buildPhases = (
				B43458382ADAC78F00FDB9F7 /* Sources */,
				B43458392ADAC78F00FDB9F7 /* Frameworks */,
				B434583A2ADAC78F00FDB9F7 /* Resources */,
			);
			buildRules = (
			);
			dependencies = (
				B434583E2ADAC78F00FDB9F7 /* PBXTargetDependency */,
			);
			name = SomethingUITests;
			productName = SomethingUITests;
			productReference = B434583C2ADAC78F00FDB9F7 /* SomethingUITests.xctest */;
			productType = "com.apple.product-type.bundle.ui-testing";
		};
/* End PBXNativeTarget section */

/* Begin PBXProject section */
		B43458172ADAC78C00FDB9F7 /* Project object */ = {
			isa = PBXProject;
			attributes = {
				BuildIndependentTargetsInParallel = 1;
				LastSwiftUpdateCheck = 1500;
				LastUpgradeCheck = 1500;
				TargetAttributes = {
					B434581E2ADAC78C00FDB9F7 = {
						CreatedOnToolsVersion = 15.0;
					};
					B43458312ADAC78F00FDB9F7 = {
						CreatedOnToolsVersion = 15.0;
						TestTargetID = B434581E2ADAC78C00FDB9F7;
					};
					B434583B2ADAC78F00FDB9F7 = {
						CreatedOnToolsVersion = 15.0;
						TestTargetID = B434581E2ADAC78C00FDB9F7;
					};
				};
			};
			buildConfigurationList = B434581A2ADAC78C00FDB9F7 /* Build configuration list for PBXProject "Something" */;
			compatibilityVersion = "Xcode 14.0";
			developmentRegion = en;
			hasScannedForEncodings = 0;
			knownRegions = (
				en,
				Base,
			);
			mainGroup = B43458162ADAC78C00FDB9F7;
			productRefGroup = B43458202ADAC78C00FDB9F7 /* Products */;
			projectDirPath = "";
			projectRoot = "";
			targets = (
				B434581E2ADAC78C00FDB9F7 /* Something */,
				B43458312ADAC78F00FDB9F7 /* SomethingTests */,
				B434583B2ADAC78F00FDB9F7 /* SomethingUITests */,
			);
		};
/* End PBXProject section */

/* Begin PBXResourcesBuildPhase section */
		B434581D2ADAC78C00FDB9F7 /* Resources */ = {
			isa = PBXResourcesBuildPhase;
			buildActionMask = 2147483647;
			files = (
				B434582D2ADAC78F00FDB9F7 /* Preview Assets.xcassets in Resources */,
				B43458292ADAC78F00FDB9F7 /* Assets.xcassets in Resources */,
			);
			runOnlyForDeploymentPostprocessing = 0;
		};
		B43458302ADAC78F00FDB9F7 /* Resources */ = {
			isa = PBXResourcesBuildPhase;
			buildActionMask = 2147483647;
			files = (
			);
			runOnlyForDeploymentPostprocessing = 0;
		};
		B434583A2ADAC78F00FDB9F7 /* Resources */ = {
			isa = PBXResourcesBuildPhase;
			buildActionMask = 2147483647;
			files = (
			);
			runOnlyForDeploymentPostprocessing = 0;
		};
/* End PBXResourcesBuildPhase section */

/* Begin PBXSourcesBuildPhase section */
		B434581B2ADAC78C00FDB9F7 /* Sources */ = {
			isa = PBXSourcesBuildPhase;
			buildActionMask = 2147483647;
			files = (
				B43458252ADAC78C00FDB9F7 /* ContentView.swift in Sources */,
				B43458272ADAC78C00FDB9F7 /* Item.swift in Sources */,
				B43458232ADAC78C00FDB9F7 /* SomethingApp.swift in Sources */,
			);
			runOnlyForDeploymentPostprocessing = 0;
		};
		B434582E2ADAC78F00FDB9F7 /* Sources */ = {
			isa = PBXSourcesBuildPhase;
			buildActionMask = 2147483647;
			files = (
				B43458372ADAC78F00FDB9F7 /* SomethingTests.swift in Sources */,
			);
			runOnlyForDeploymentPostprocessing = 0;
		};
		B43458382ADAC78F00FDB9F7 /* Sources */ = {
			isa = PBXSourcesBuildPhase;
			buildActionMask = 2147483647;
			files = (
				B43458412ADAC78F00FDB9F7 /* SomethingUITests.swift in Sources */,
				B43458432ADAC78F00FDB9F7 /* SomethingUITestsLaunchTests.swift in Sources */,
			);
			runOnlyForDeploymentPostprocessing = 0;
		};
/* End PBXSourcesBuildPhase section */

/* Begin PBXTargetDependency section */
		B43458342ADAC78F00FDB9F7 /* PBXTargetDependency */ = {
			isa = PBXTargetDependency;
			target = B434581E2ADAC78C00FDB9F7 /* Something */;
			targetProxy = B43458332ADAC78F00FDB9F7 /* PBXContainerItemProxy */;
		};
		B434583E2ADAC78F00FDB9F7 /* PBXTargetDependency */ = {
			isa = PBXTargetDependency;
			target = B434581E2ADAC78C00FDB9F7 /* Something */;
			targetProxy = B434583D2ADAC78F00FDB9F7 /* PBXContainerItemProxy */;
		};
/* End PBXTargetDependency section */

/* Begin XCBuildConfiguration section */
		B43458442ADAC78F00FDB9F7 /* Debug */ = {
			isa = XCBuildConfiguration;
			buildSettings = {
				ALWAYS_SEARCH_USER_PATHS = NO;
				ASSETCATALOG_COMPILER_GENERATE_SWIFT_ASSET_SYMBOL_EXTENSIONS = YES;
				CLANG_ANALYZER_NONNULL = YES;
				CLANG_ANALYZER_NUMBER_OBJECT_CONVERSION = YES_AGGRESSIVE;
				CLANG_CXX_LANGUAGE_STANDARD = "gnu++20";
				CLANG_ENABLE_MODULES = YES;
				CLANG_ENABLE_OBJC_ARC = YES;
				CLANG_ENABLE_OBJC_WEAK = YES;
				CLANG_WARN_BLOCK_CAPTURE_AUTORELEASING = YES;
				CLANG_WARN_BOOL_CONVERSION = YES;
				CLANG_WARN_COMMA = YES;
				CLANG_WARN_CONSTANT_CONVERSION = YES;
				CLANG_WARN_DEPRECATED_OBJC_IMPLEMENTATIONS = YES;
				CLANG_WARN_DIRECT_OBJC_ISA_USAGE = YES_ERROR;
				CLANG_WARN_DOCUMENTATION_COMMENTS = YES;
				CLANG_WARN_EMPTY_BODY = YES;
				CLANG_WARN_ENUM_CONVERSION = YES;
				CLANG_WARN_INFINITE_RECURSION = YES;
				CLANG_WARN_INT_CONVERSION = YES;
				CLANG_WARN_NON_LITERAL_NULL_CONVERSION = YES;
				CLANG_WARN_OBJC_IMPLICIT_RETAIN_SELF = YES;
				CLANG_WARN_OBJC_LITERAL_CONVERSION = YES;
				CLANG_WARN_OBJC_ROOT_CLASS = YES_ERROR;
				CLANG_WARN_QUOTED_INCLUDE_IN_FRAMEWORK_HEADER = YES;
				CLANG_WARN_RANGE_LOOP_ANALYSIS = YES;
				CLANG_WARN_STRICT_PROTOTYPES = YES;
				CLANG_WARN_SUSPICIOUS_MOVE = YES;
				CLANG_WARN_UNGUARDED_AVAILABILITY = YES_AGGRESSIVE;
				CLANG_WARN_UNREACHABLE_CODE = YES;
				CLANG_WARN__DUPLICATE_METHOD_MATCH = YES;
				COPY_PHASE_STRIP = NO;
				DEBUG_INFORMATION_FORMAT = dwarf;
				ENABLE_STRICT_OBJC_MSGSEND = YES;
				ENABLE_TESTABILITY = YES;
				ENABLE_USER_SCRIPT_SANDBOXING = YES;
				GCC_C_LANGUAGE_STANDARD = gnu17;
				GCC_DYNAMIC_NO_PIC = NO;
				GCC_NO_COMMON_BLOCKS = YES;
				GCC_OPTIMIZATION_LEVEL = 0;
				GCC_PREPROCESSOR_DEFINITIONS = (
					"DEBUG=1",
					"$(inherited)",
				);
				GCC_WARN_64_TO_32_BIT_CONVERSION = YES;
				GCC_WARN_ABOUT_RETURN_TYPE = YES_ERROR;
				GCC_WARN_UNDECLARED_SELECTOR = YES;
				GCC_WARN_UNINITIALIZED_AUTOS = YES_AGGRESSIVE;
				GCC_WARN_UNUSED_FUNCTION = YES;
				GCC_WARN_UNUSED_VARIABLE = YES;
				LOCALIZATION_PREFERS_STRING_CATALOGS = YES;
				MTL_ENABLE_DEBUG_INFO = INCLUDE_SOURCE;
				MTL_FAST_MATH = YES;
				ONLY_ACTIVE_ARCH = YES;
				SWIFT_ACTIVE_COMPILATION_CONDITIONS = "DEBUG $(inherited)";
				SWIFT_OPTIMIZATION_LEVEL = "-Onone";
			};
			name = Debug;
		};
		B43458452ADAC78F00FDB9F7 /* Release */ = {
			isa = XCBuildConfiguration;
			buildSettings = {
				ALWAYS_SEARCH_USER_PATHS = NO;
				ASSETCATALOG_COMPILER_GENERATE_SWIFT_ASSET_SYMBOL_EXTENSIONS = YES;
				CLANG_ANALYZER_NONNULL = YES;
				CLANG_ANALYZER_NUMBER_OBJECT_CONVERSION = YES_AGGRESSIVE;
				CLANG_CXX_LANGUAGE_STANDARD = "gnu++20";
				CLANG_ENABLE_MODULES = YES;
				CLANG_ENABLE_OBJC_ARC = YES;
				CLANG_ENABLE_OBJC_WEAK = YES;
				CLANG_WARN_BLOCK_CAPTURE_AUTORELEASING = YES;
				CLANG_WARN_BOOL_CONVERSION = YES;
				CLANG_WARN_COMMA = YES;
				CLANG_WARN_CONSTANT_CONVERSION = YES;
				CLANG_WARN_DEPRECATED_OBJC_IMPLEMENTATIONS = YES;
				CLANG_WARN_DIRECT_OBJC_ISA_USAGE = YES_ERROR;
				CLANG_WARN_DOCUMENTATION_COMMENTS = YES;
				CLANG_WARN_EMPTY_BODY = YES;
				CLANG_WARN_ENUM_CONVERSION = YES;
				CLANG_WARN_INFINITE_RECURSION = YES;
				CLANG_WARN_INT_CONVERSION = YES;
				CLANG_WARN_NON_LITERAL_NULL_CONVERSION = YES;
				CLANG_WARN_OBJC_IMPLICIT_RETAIN_SELF = YES;
				CLANG_WARN_OBJC_LITERAL_CONVERSION = YES;
				CLANG_WARN_OBJC_ROOT_CLASS = YES_ERROR;
				CLANG_WARN_QUOTED_INCLUDE_IN_FRAMEWORK_HEADER = YES;
				CLANG_WARN_RANGE_LOOP_ANALYSIS = YES;
				CLANG_WARN_STRICT_PROTOTYPES = YES;
				CLANG_WARN_SUSPICIOUS_MOVE = YES;
				CLANG_WARN_UNGUARDED_AVAILABILITY = YES_AGGRESSIVE;
				CLANG_WARN_UNREACHABLE_CODE = YES;
				CLANG_WARN__DUPLICATE_METHOD_MATCH = YES;
				COPY_PHASE_STRIP = NO;
				DEBUG_INFORMATION_FORMAT = "dwarf-with-dsym";
				ENABLE_NS_ASSERTIONS = NO;
				ENABLE_STRICT_OBJC_MSGSEND = YES;
				ENABLE_USER_SCRIPT_SANDBOXING = YES;
				GCC_C_LANGUAGE_STANDARD = gnu17;
				GCC_NO_COMMON_BLOCKS = YES;
				GCC_WARN_64_TO_32_BIT_CONVERSION = YES;
				GCC_WARN_ABOUT_RETURN_TYPE = YES_ERROR;
				GCC_WARN_UNDECLARED_SELECTOR = YES;
				GCC_WARN_UNINITIALIZED_AUTOS = YES_AGGRESSIVE;
				GCC_WARN_UNUSED_FUNCTION = YES;
				GCC_WARN_UNUSED_VARIABLE = YES;
				LOCALIZATION_PREFERS_STRING_CATALOGS = YES;
				MTL_ENABLE_DEBUG_INFO = NO;
				MTL_FAST_MATH = YES;
				SWIFT_COMPILATION_MODE = wholemodule;
			};
			name = Release;
		};
		B43458472ADAC78F00FDB9F7 /* Debug */ = {
			isa = XCBuildConfiguration;
			buildSettings = {
				ASSETCATALOG_COMPILER_APPICON_NAME = AppIcon;
				ASSETCATALOG_COMPILER_GLOBAL_ACCENT_COLOR_NAME = AccentColor;
				CODE_SIGN_ENTITLEMENTS = Something/Something.entitlements;
				CODE_SIGN_STYLE = Automatic;
				CURRENT_PROJECT_VERSION = 1;
				DEVELOPMENT_ASSET_PATHS = "\"Something/Preview Content\"";
				DEVELOPMENT_TEAM = 7AR93R268X;
				ENABLE_HARDENED_RUNTIME = YES;
				ENABLE_PREVIEWS = YES;
				GENERATE_INFOPLIST_FILE = YES;
				"INFOPLIST_KEY_UIApplicationSceneManifest_Generation[sdk=iphoneos*]" = YES;
				"INFOPLIST_KEY_UIApplicationSceneManifest_Generation[sdk=iphonesimulator*]" = YES;
				"INFOPLIST_KEY_UIApplicationSupportsIndirectInputEvents[sdk=iphoneos*]" = YES;
				"INFOPLIST_KEY_UIApplicationSupportsIndirectInputEvents[sdk=iphonesimulator*]" = YES;
				"INFOPLIST_KEY_UILaunchScreen_Generation[sdk=iphoneos*]" = YES;
				"INFOPLIST_KEY_UILaunchScreen_Generation[sdk=iphonesimulator*]" = YES;
				"INFOPLIST_KEY_UIStatusBarStyle[sdk=iphoneos*]" = UIStatusBarStyleDefault;
				"INFOPLIST_KEY_UIStatusBarStyle[sdk=iphonesimulator*]" = UIStatusBarStyleDefault;
				INFOPLIST_KEY_UISupportedInterfaceOrientations_iPad = "UIInterfaceOrientationPortrait UIInterfaceOrientationPortraitUpsideDown UIInterfaceOrientationLandscapeLeft UIInterfaceOrientationLandscapeRight";
				INFOPLIST_KEY_UISupportedInterfaceOrientations_iPhone = "UIInterfaceOrientationPortrait UIInterfaceOrientationLandscapeLeft UIInterfaceOrientationLandscapeRight";
				IPHONEOS_DEPLOYMENT_TARGET = 17.0;
				LD_RUNPATH_SEARCH_PATHS = "@executable_path/Frameworks";
				"LD_RUNPATH_SEARCH_PATHS[sdk=macosx*]" = "@executable_path/../Frameworks";
				MACOSX_DEPLOYMENT_TARGET = 14.0;
				MARKETING_VERSION = 1.0;
				PRODUCT_BUNDLE_IDENTIFIER = BRPM.Something;
				PRODUCT_NAME = "$(TARGET_NAME)";
				SDKROOT = auto;
				SUPPORTED_PLATFORMS = "iphoneos iphonesimulator macosx";
				SWIFT_EMIT_LOC_STRINGS = YES;
				SWIFT_VERSION = 5.0;
				TARGETED_DEVICE_FAMILY = "1,2";
			};
			name = Debug;
		};
		B43458482ADAC78F00FDB9F7 /* Release */ = {
			isa = XCBuildConfiguration;
			buildSettings = {
				ASSETCATALOG_COMPILER_APPICON_NAME = AppIcon;
				ASSETCATALOG_COMPILER_GLOBAL_ACCENT_COLOR_NAME = AccentColor;
				CODE_SIGN_ENTITLEMENTS = Something/Something.entitlements;
				CODE_SIGN_STYLE = Automatic;
				CURRENT_PROJECT_VERSION = 1;
				DEVELOPMENT_ASSET_PATHS = "\"Something/Preview Content\"";
				DEVELOPMENT_TEAM = 7AR93R268X;
				ENABLE_HARDENED_RUNTIME = YES;
				ENABLE_PREVIEWS = YES;
				GENERATE_INFOPLIST_FILE = YES;
				"INFOPLIST_KEY_UIApplicationSceneManifest_Generation[sdk=iphoneos*]" = YES;
				"INFOPLIST_KEY_UIApplicationSceneManifest_Generation[sdk=iphonesimulator*]" = YES;
				"INFOPLIST_KEY_UIApplicationSupportsIndirectInputEvents[sdk=iphoneos*]" = YES;
				"INFOPLIST_KEY_UIApplicationSupportsIndirectInputEvents[sdk=iphonesimulator*]" = YES;
				"INFOPLIST_KEY_UILaunchScreen_Generation[sdk=iphoneos*]" = YES;
				"INFOPLIST_KEY_UILaunchScreen_Generation[sdk=iphonesimulator*]" = YES;
				"INFOPLIST_KEY_UIStatusBarStyle[sdk=iphoneos*]" = UIStatusBarStyleDefault;
				"INFOPLIST_KEY_UIStatusBarStyle[sdk=iphonesimulator*]" = UIStatusBarStyleDefault;
				INFOPLIST_KEY_UISupportedInterfaceOrientations_iPad = "UIInterfaceOrientationPortrait UIInterfaceOrientationPortraitUpsideDown UIInterfaceOrientationLandscapeLeft UIInterfaceOrientationLandscapeRight";
				INFOPLIST_KEY_UISupportedInterfaceOrientations_iPhone = "UIInterfaceOrientationPortrait UIInterfaceOrientationLandscapeLeft UIInterfaceOrientationLandscapeRight";
				IPHONEOS_DEPLOYMENT_TARGET = 17.0;
				LD_RUNPATH_SEARCH_PATHS = "@executable_path/Frameworks";
				"LD_RUNPATH_SEARCH_PATHS[sdk=macosx*]" = "@executable_path/../Frameworks";
				MACOSX_DEPLOYMENT_TARGET = 14.0;
				MARKETING_VERSION = 1.0;
				PRODUCT_BUNDLE_IDENTIFIER = BRPM.Something;
				PRODUCT_NAME = "$(TARGET_NAME)";
				SDKROOT = auto;
				SUPPORTED_PLATFORMS = "iphoneos iphonesimulator macosx";
				SWIFT_EMIT_LOC_STRINGS = YES;
				SWIFT_VERSION = 5.0;
				TARGETED_DEVICE_FAMILY = "1,2";
			};
			name = Release;
		};
		B434584A2ADAC78F00FDB9F7 /* Debug */ = {
			isa = XCBuildConfiguration;
			buildSettings = {
				ALWAYS_EMBED_SWIFT_STANDARD_LIBRARIES = YES;
				BUNDLE_LOADER = "$(TEST_HOST)";
				CODE_SIGN_STYLE = Automatic;
				CURRENT_PROJECT_VERSION = 1;
				DEVELOPMENT_TEAM = 7AR93R268X;
				GENERATE_INFOPLIST_FILE = YES;
				IPHONEOS_DEPLOYMENT_TARGET = 17.0;
				MACOSX_DEPLOYMENT_TARGET = 14.0;
				MARKETING_VERSION = 1.0;
				PRODUCT_BUNDLE_IDENTIFIER = BRPM.SomethingTests;
				PRODUCT_NAME = "$(TARGET_NAME)";
				SDKROOT = auto;
				SUPPORTED_PLATFORMS = "iphoneos iphonesimulator macosx";
				SWIFT_EMIT_LOC_STRINGS = NO;
				SWIFT_VERSION = 5.0;
				TARGETED_DEVICE_FAMILY = "1,2";
				TEST_HOST = "$(BUILT_PRODUCTS_DIR)/Something.app/$(BUNDLE_EXECUTABLE_FOLDER_PATH)/Something";
			};
			name = Debug;
		};
		B434584B2ADAC78F00FDB9F7 /* Release */ = {
			isa = XCBuildConfiguration;
			buildSettings = {
				ALWAYS_EMBED_SWIFT_STANDARD_LIBRARIES = YES;
				BUNDLE_LOADER = "$(TEST_HOST)";
				CODE_SIGN_STYLE = Automatic;
				CURRENT_PROJECT_VERSION = 1;
				DEVELOPMENT_TEAM = 7AR93R268X;
				GENERATE_INFOPLIST_FILE = YES;
				IPHONEOS_DEPLOYMENT_TARGET = 17.0;
				MACOSX_DEPLOYMENT_TARGET = 14.0;
				MARKETING_VERSION = 1.0;
				PRODUCT_BUNDLE_IDENTIFIER = BRPM.SomethingTests;
				PRODUCT_NAME = "$(TARGET_NAME)";
				SDKROOT = auto;
				SUPPORTED_PLATFORMS = "iphoneos iphonesimulator macosx";
				SWIFT_EMIT_LOC_STRINGS = NO;
				SWIFT_VERSION = 5.0;
				TARGETED_DEVICE_FAMILY = "1,2";
				TEST_HOST = "$(BUILT_PRODUCTS_DIR)/Something.app/$(BUNDLE_EXECUTABLE_FOLDER_PATH)/Something";
			};
			name = Release;
		};
		B434584D2ADAC78F00FDB9F7 /* Debug */ = {
			isa = XCBuildConfiguration;
			buildSettings = {
				ALWAYS_EMBED_SWIFT_STANDARD_LIBRARIES = YES;
				CODE_SIGN_STYLE = Automatic;
				CURRENT_PROJECT_VERSION = 1;
				DEVELOPMENT_TEAM = 7AR93R268X;
				GENERATE_INFOPLIST_FILE = YES;
				IPHONEOS_DEPLOYMENT_TARGET = 17.0;
				MACOSX_DEPLOYMENT_TARGET = 14.0;
				MARKETING_VERSION = 1.0;
				PRODUCT_BUNDLE_IDENTIFIER = BRPM.SomethingUITests;
				PRODUCT_NAME = "$(TARGET_NAME)";
				SDKROOT = auto;
				SUPPORTED_PLATFORMS = "iphoneos iphonesimulator macosx";
				SWIFT_EMIT_LOC_STRINGS = NO;
				SWIFT_VERSION = 5.0;
				TARGETED_DEVICE_FAMILY = "1,2";
				TEST_TARGET_NAME = Something;
			};
			name = Debug;
		};
		B434584E2ADAC78F00FDB9F7 /* Release */ = {
			isa = XCBuildConfiguration;
			buildSettings = {
				ALWAYS_EMBED_SWIFT_STANDARD_LIBRARIES = YES;
				CODE_SIGN_STYLE = Automatic;
				CURRENT_PROJECT_VERSION = 1;
				DEVELOPMENT_TEAM = 7AR93R268X;
				GENERATE_INFOPLIST_FILE = YES;
				IPHONEOS_DEPLOYMENT_TARGET = 17.0;
				MACOSX_DEPLOYMENT_TARGET = 14.0;
				MARKETING_VERSION = 1.0;
				PRODUCT_BUNDLE_IDENTIFIER = BRPM.SomethingUITests;
				PRODUCT_NAME = "$(TARGET_NAME)";
				SDKROOT = auto;
				SUPPORTED_PLATFORMS = "iphoneos iphonesimulator macosx";
				SWIFT_EMIT_LOC_STRINGS = NO;
				SWIFT_VERSION = 5.0;
				TARGETED_DEVICE_FAMILY = "1,2";
				TEST_TARGET_NAME = Something;
			};
			name = Release;
		};
/* End XCBuildConfiguration section */

/* Begin XCConfigurationList section */
		B434581A2ADAC78C00FDB9F7 /* Build configuration list for PBXProject "Something" */ = {
			isa = XCConfigurationList;
			buildConfigurations = (
				B43458442ADAC78F00FDB9F7 /* Debug */,
				B43458452ADAC78F00FDB9F7 /* Release */,
			);
			defaultConfigurationIsVisible = 0;
			defaultConfigurationName = Release;
		};
		B43458462ADAC78F00FDB9F7 /* Build configuration list for PBXNativeTarget "Something" */ = {
			isa = XCConfigurationList;
			buildConfigurations = (
				B43458472ADAC78F00FDB9F7 /* Debug */,
				B43458482ADAC78F00FDB9F7 /* Release */,
			);
			defaultConfigurationIsVisible = 0;
			defaultConfigurationName = Release;
		};
		B43458492ADAC78F00FDB9F7 /* Build configuration list for PBXNativeTarget "SomethingTests" */ = {
			isa = XCConfigurationList;
			buildConfigurations = (
				B434584A2ADAC78F00FDB9F7 /* Debug */,
				B434584B2ADAC78F00FDB9F7 /* Release */,
			);
			defaultConfigurationIsVisible = 0;
			defaultConfigurationName = Release;
		};
		B434584C2ADAC78F00FDB9F7 /* Build configuration list for PBXNativeTarget "SomethingUITests" */ = {
			isa = XCConfigurationList;
			buildConfigurations = (
				B434584D2ADAC78F00FDB9F7 /* Debug */,
				B434584E2ADAC78F00FDB9F7 /* Release */,
			);
			defaultConfigurationIsVisible = 0;
			defaultConfigurationName = Release;
		};
/* End XCConfigurationList section */
	};
	rootObject = B43458172ADAC78C00FDB9F7 /* Project object */;
}
